// !$*UTF8*$!
{
	archiveVersion = 1;
	classes = {
	};
	objectVersion = 50;
	objects = {

/* Begin PBXBuildFile section */
		28BC4409D5C4864B5171A727 /* Pods_dcrdminerTests.framework in Frameworks */ = {isa = PBXBuildFile; fileRef = E062445E34271EE97494EA88 /* Pods_dcrdminerTests.framework */; };
		B86A5B3B21856A1B002CA915 /* PoolJob.swift in Sources */ = {isa = PBXBuildFile; fileRef = B86A5B3A21856A1B002CA915 /* PoolJob.swift */; };
		B86A5B3D218C7467002CA915 /* BlockHeader.swift in Sources */ = {isa = PBXBuildFile; fileRef = B86A5B3C218C7467002CA915 /* BlockHeader.swift */; };
		B86A5B3F218CA02C002CA915 /* Hex.swift in Sources */ = {isa = PBXBuildFile; fileRef = B86A5B3E218CA02C002CA915 /* Hex.swift */; };
		B86A5B41218D58E8002CA915 /* Miner.swift in Sources */ = {isa = PBXBuildFile; fileRef = B86A5B40218D58E8002CA915 /* Miner.swift */; };
		B86A5B43218D594A002CA915 /* Work.swift in Sources */ = {isa = PBXBuildFile; fileRef = B86A5B42218D594A002CA915 /* Work.swift */; };
		B8A97761217B79DD003FBA72 /* AppDelegate.swift in Sources */ = {isa = PBXBuildFile; fileRef = B8A97760217B79DD003FBA72 /* AppDelegate.swift */; };
		B8A97763217B79DD003FBA72 /* ViewController.swift in Sources */ = {isa = PBXBuildFile; fileRef = B8A97762217B79DD003FBA72 /* ViewController.swift */; };
		B8A97766217B79DD003FBA72 /* Main.storyboard in Resources */ = {isa = PBXBuildFile; fileRef = B8A97764217B79DD003FBA72 /* Main.storyboard */; };
		B8A97768217B79DF003FBA72 /* Assets.xcassets in Resources */ = {isa = PBXBuildFile; fileRef = B8A97767217B79DF003FBA72 /* Assets.xcassets */; };
		B8A9776B217B79DF003FBA72 /* LaunchScreen.storyboard in Resources */ = {isa = PBXBuildFile; fileRef = B8A97769217B79DF003FBA72 /* LaunchScreen.storyboard */; };
		B8A97776217B79E0003FBA72 /* dcrdminerTests.swift in Sources */ = {isa = PBXBuildFile; fileRef = B8A97775217B79E0003FBA72 /* dcrdminerTests.swift */; };
		B8A97781217B79E0003FBA72 /* dcrdminerUITests.swift in Sources */ = {isa = PBXBuildFile; fileRef = B8A97780217B79E0003FBA72 /* dcrdminerUITests.swift */; };
		B8A97791217C1E00003FBA72 /* Stratum.swift in Sources */ = {isa = PBXBuildFile; fileRef = B8A97790217C1E00003FBA72 /* Stratum.swift */; };
		B8D278AD218D702D00B6F54C /* Pool.swift in Sources */ = {isa = PBXBuildFile; fileRef = B8D278AC218D702D00B6F54C /* Pool.swift */; };
		B8D278AF218DDC6B00B6F54C /* NonceCounter.swift in Sources */ = {isa = PBXBuildFile; fileRef = B8D278AE218DDC6B00B6F54C /* NonceCounter.swift */; };
		B8D278B1218DE3E700B6F54C /* Blake256.swift in Sources */ = {isa = PBXBuildFile; fileRef = B8D278B0218DE3E700B6F54C /* Blake256.swift */; };
		D0DCE488A241E89B65D10E32 /* Pods_dcrdminer.framework in Frameworks */ = {isa = PBXBuildFile; fileRef = 73A7AA2382DD43A591851F5B /* Pods_dcrdminer.framework */; };
/* End PBXBuildFile section */

/* Begin PBXContainerItemProxy section */
		B8A97772217B79E0003FBA72 /* PBXContainerItemProxy */ = {
			isa = PBXContainerItemProxy;
			containerPortal = B8A97755217B79DD003FBA72 /* Project object */;
			proxyType = 1;
			remoteGlobalIDString = B8A9775C217B79DD003FBA72;
			remoteInfo = dcrdminer;
		};
		B8A9777D217B79E0003FBA72 /* PBXContainerItemProxy */ = {
			isa = PBXContainerItemProxy;
			containerPortal = B8A97755217B79DD003FBA72 /* Project object */;
			proxyType = 1;
			remoteGlobalIDString = B8A9775C217B79DD003FBA72;
			remoteInfo = dcrdminer;
		};
/* End PBXContainerItemProxy section */

/* Begin PBXFileReference section */
		49D6B26BE0859ACE1924239D /* Pods-dcrdminerTests.release.xcconfig */ = {isa = PBXFileReference; includeInIndex = 1; lastKnownFileType = text.xcconfig; name = "Pods-dcrdminerTests.release.xcconfig"; path = "Pods/Target Support Files/Pods-dcrdminerTests/Pods-dcrdminerTests.release.xcconfig"; sourceTree = "<group>"; };
		686E6C25493A7D03AC27684E /* Pods-dcrdminerTests.debug.xcconfig */ = {isa = PBXFileReference; includeInIndex = 1; lastKnownFileType = text.xcconfig; name = "Pods-dcrdminerTests.debug.xcconfig"; path = "Pods/Target Support Files/Pods-dcrdminerTests/Pods-dcrdminerTests.debug.xcconfig"; sourceTree = "<group>"; };
		73A7AA2382DD43A591851F5B /* Pods_dcrdminer.framework */ = {isa = PBXFileReference; explicitFileType = wrapper.framework; includeInIndex = 0; path = Pods_dcrdminer.framework; sourceTree = BUILT_PRODUCTS_DIR; };
		B86A5B3A21856A1B002CA915 /* PoolJob.swift */ = {isa = PBXFileReference; lastKnownFileType = sourcecode.swift; path = PoolJob.swift; sourceTree = "<group>"; };
		B86A5B3C218C7467002CA915 /* BlockHeader.swift */ = {isa = PBXFileReference; lastKnownFileType = sourcecode.swift; path = BlockHeader.swift; sourceTree = "<group>"; };
		B86A5B3E218CA02C002CA915 /* Hex.swift */ = {isa = PBXFileReference; lastKnownFileType = sourcecode.swift; path = Hex.swift; sourceTree = "<group>"; };
		B86A5B40218D58E8002CA915 /* Miner.swift */ = {isa = PBXFileReference; lastKnownFileType = sourcecode.swift; path = Miner.swift; sourceTree = "<group>"; };
		B86A5B42218D594A002CA915 /* Work.swift */ = {isa = PBXFileReference; lastKnownFileType = sourcecode.swift; path = Work.swift; sourceTree = "<group>"; };
		B8A9775D217B79DD003FBA72 /* dcrdminer.app */ = {isa = PBXFileReference; explicitFileType = wrapper.application; includeInIndex = 0; path = dcrdminer.app; sourceTree = BUILT_PRODUCTS_DIR; };
		B8A97760217B79DD003FBA72 /* AppDelegate.swift */ = {isa = PBXFileReference; lastKnownFileType = sourcecode.swift; path = AppDelegate.swift; sourceTree = "<group>"; };
		B8A97762217B79DD003FBA72 /* ViewController.swift */ = {isa = PBXFileReference; lastKnownFileType = sourcecode.swift; path = ViewController.swift; sourceTree = "<group>"; };
		B8A97765217B79DD003FBA72 /* Base */ = {isa = PBXFileReference; lastKnownFileType = file.storyboard; name = Base; path = Base.lproj/Main.storyboard; sourceTree = "<group>"; };
		B8A97767217B79DF003FBA72 /* Assets.xcassets */ = {isa = PBXFileReference; lastKnownFileType = folder.assetcatalog; path = Assets.xcassets; sourceTree = "<group>"; };
		B8A9776A217B79DF003FBA72 /* Base */ = {isa = PBXFileReference; lastKnownFileType = file.storyboard; name = Base; path = Base.lproj/LaunchScreen.storyboard; sourceTree = "<group>"; };
		B8A9776C217B79DF003FBA72 /* Info.plist */ = {isa = PBXFileReference; lastKnownFileType = text.plist.xml; path = Info.plist; sourceTree = "<group>"; };
		B8A97771217B79E0003FBA72 /* dcrdminerTests.xctest */ = {isa = PBXFileReference; explicitFileType = wrapper.cfbundle; includeInIndex = 0; path = dcrdminerTests.xctest; sourceTree = BUILT_PRODUCTS_DIR; };
		B8A97775217B79E0003FBA72 /* dcrdminerTests.swift */ = {isa = PBXFileReference; lastKnownFileType = sourcecode.swift; path = dcrdminerTests.swift; sourceTree = "<group>"; };
		B8A97777217B79E0003FBA72 /* Info.plist */ = {isa = PBXFileReference; lastKnownFileType = text.plist.xml; path = Info.plist; sourceTree = "<group>"; };
		B8A9777C217B79E0003FBA72 /* dcrdminerUITests.xctest */ = {isa = PBXFileReference; explicitFileType = wrapper.cfbundle; includeInIndex = 0; path = dcrdminerUITests.xctest; sourceTree = BUILT_PRODUCTS_DIR; };
		B8A97780217B79E0003FBA72 /* dcrdminerUITests.swift */ = {isa = PBXFileReference; lastKnownFileType = sourcecode.swift; path = dcrdminerUITests.swift; sourceTree = "<group>"; };
		B8A97782217B79E0003FBA72 /* Info.plist */ = {isa = PBXFileReference; lastKnownFileType = text.plist.xml; path = Info.plist; sourceTree = "<group>"; };
		B8A97790217C1E00003FBA72 /* Stratum.swift */ = {isa = PBXFileReference; lastKnownFileType = sourcecode.swift; path = Stratum.swift; sourceTree = "<group>"; };
		B8D278AC218D702D00B6F54C /* Pool.swift */ = {isa = PBXFileReference; lastKnownFileType = sourcecode.swift; path = Pool.swift; sourceTree = "<group>"; };
		B8D278AE218DDC6B00B6F54C /* NonceCounter.swift */ = {isa = PBXFileReference; lastKnownFileType = sourcecode.swift; path = NonceCounter.swift; sourceTree = "<group>"; };
		B8D278B0218DE3E700B6F54C /* Blake256.swift */ = {isa = PBXFileReference; lastKnownFileType = sourcecode.swift; path = Blake256.swift; sourceTree = "<group>"; };
		CC86A1F40666D7F0FD24D9B3 /* Pods-dcrdminer.debug.xcconfig */ = {isa = PBXFileReference; includeInIndex = 1; lastKnownFileType = text.xcconfig; name = "Pods-dcrdminer.debug.xcconfig"; path = "Pods/Target Support Files/Pods-dcrdminer/Pods-dcrdminer.debug.xcconfig"; sourceTree = "<group>"; };
		CDDD178D02BBA14003C61A58 /* Pods-dcrdminer.release.xcconfig */ = {isa = PBXFileReference; includeInIndex = 1; lastKnownFileType = text.xcconfig; name = "Pods-dcrdminer.release.xcconfig"; path = "Pods/Target Support Files/Pods-dcrdminer/Pods-dcrdminer.release.xcconfig"; sourceTree = "<group>"; };
		E062445E34271EE97494EA88 /* Pods_dcrdminerTests.framework */ = {isa = PBXFileReference; explicitFileType = wrapper.framework; includeInIndex = 0; path = Pods_dcrdminerTests.framework; sourceTree = BUILT_PRODUCTS_DIR; };
/* End PBXFileReference section */

/* Begin PBXFrameworksBuildPhase section */
		B8A9775A217B79DD003FBA72 /* Frameworks */ = {
			isa = PBXFrameworksBuildPhase;
			buildActionMask = 2147483647;
			files = (
				D0DCE488A241E89B65D10E32 /* Pods_dcrdminer.framework in Frameworks */,
			);
			runOnlyForDeploymentPostprocessing = 0;
		};
		B8A9776E217B79E0003FBA72 /* Frameworks */ = {
			isa = PBXFrameworksBuildPhase;
			buildActionMask = 2147483647;
			files = (
				28BC4409D5C4864B5171A727 /* Pods_dcrdminerTests.framework in Frameworks */,
			);
			runOnlyForDeploymentPostprocessing = 0;
		};
		B8A97779217B79E0003FBA72 /* Frameworks */ = {
			isa = PBXFrameworksBuildPhase;
			buildActionMask = 2147483647;
			files = (
			);
			runOnlyForDeploymentPostprocessing = 0;
		};
/* End PBXFrameworksBuildPhase section */

/* Begin PBXGroup section */
		49655FD21773C54897F04B8A /* Frameworks */ = {
			isa = PBXGroup;
			children = (
				73A7AA2382DD43A591851F5B /* Pods_dcrdminer.framework */,
				E062445E34271EE97494EA88 /* Pods_dcrdminerTests.framework */,
			);
			name = Frameworks;
			sourceTree = "<group>";
		};
		9E68B158533C99A2B924F0C4 /* Pods */ = {
			isa = PBXGroup;
			children = (
				CC86A1F40666D7F0FD24D9B3 /* Pods-dcrdminer.debug.xcconfig */,
				CDDD178D02BBA14003C61A58 /* Pods-dcrdminer.release.xcconfig */,
				686E6C25493A7D03AC27684E /* Pods-dcrdminerTests.debug.xcconfig */,
				49D6B26BE0859ACE1924239D /* Pods-dcrdminerTests.release.xcconfig */,
			);
			name = Pods;
			sourceTree = "<group>";
		};
		B8A97754217B79DD003FBA72 = {
			isa = PBXGroup;
			children = (
				B8A9775F217B79DD003FBA72 /* dcrdminer */,
				B8A97774217B79E0003FBA72 /* dcrdminerTests */,
				B8A9777F217B79E0003FBA72 /* dcrdminerUITests */,
				B8A9775E217B79DD003FBA72 /* Products */,
				9E68B158533C99A2B924F0C4 /* Pods */,
				49655FD21773C54897F04B8A /* Frameworks */,
			);
			sourceTree = "<group>";
		};
		B8A9775E217B79DD003FBA72 /* Products */ = {
			isa = PBXGroup;
			children = (
				B8A9775D217B79DD003FBA72 /* dcrdminer.app */,
				B8A97771217B79E0003FBA72 /* dcrdminerTests.xctest */,
				B8A9777C217B79E0003FBA72 /* dcrdminerUITests.xctest */,
			);
			name = Products;
			sourceTree = "<group>";
		};
		B8A9775F217B79DD003FBA72 /* dcrdminer */ = {
			isa = PBXGroup;
			children = (
				B8A97760217B79DD003FBA72 /* AppDelegate.swift */,
				B8A97762217B79DD003FBA72 /* ViewController.swift */,
				B8A97764217B79DD003FBA72 /* Main.storyboard */,
				B8A97767217B79DF003FBA72 /* Assets.xcassets */,
				B8A97769217B79DF003FBA72 /* LaunchScreen.storyboard */,
				B8A9776C217B79DF003FBA72 /* Info.plist */,
				B8A97790217C1E00003FBA72 /* Stratum.swift */,
				B86A5B3A21856A1B002CA915 /* PoolJob.swift */,
				B86A5B3C218C7467002CA915 /* BlockHeader.swift */,
				B86A5B3E218CA02C002CA915 /* Hex.swift */,
				B86A5B40218D58E8002CA915 /* Miner.swift */,
				B86A5B42218D594A002CA915 /* Work.swift */,
				B8D278AC218D702D00B6F54C /* Pool.swift */,
				B8D278AE218DDC6B00B6F54C /* NonceCounter.swift */,
				B8D278B0218DE3E700B6F54C /* Blake256.swift */,
			);
			path = dcrdminer;
			sourceTree = "<group>";
		};
		B8A97774217B79E0003FBA72 /* dcrdminerTests */ = {
			isa = PBXGroup;
			children = (
				B8A97775217B79E0003FBA72 /* dcrdminerTests.swift */,
				B8A97777217B79E0003FBA72 /* Info.plist */,
			);
			path = dcrdminerTests;
			sourceTree = "<group>";
		};
		B8A9777F217B79E0003FBA72 /* dcrdminerUITests */ = {
			isa = PBXGroup;
			children = (
				B8A97780217B79E0003FBA72 /* dcrdminerUITests.swift */,
				B8A97782217B79E0003FBA72 /* Info.plist */,
			);
			path = dcrdminerUITests;
			sourceTree = "<group>";
		};
/* End PBXGroup section */

/* Begin PBXNativeTarget section */
		B8A9775C217B79DD003FBA72 /* dcrdminer */ = {
			isa = PBXNativeTarget;
			buildConfigurationList = B8A97785217B79E0003FBA72 /* Build configuration list for PBXNativeTarget "dcrdminer" */;
			buildPhases = (
				CB9F16A75373FFD8F5C23F9A /* [CP] Check Pods Manifest.lock */,
				B8A97759217B79DD003FBA72 /* Sources */,
				B8A9775A217B79DD003FBA72 /* Frameworks */,
				B8A9775B217B79DD003FBA72 /* Resources */,
				A628F845312AC64F2B338ACE /* [CP] Embed Pods Frameworks */,
			);
			buildRules = (
			);
			dependencies = (
			);
			name = dcrdminer;
			productName = dcrdminer;
			productReference = B8A9775D217B79DD003FBA72 /* dcrdminer.app */;
			productType = "com.apple.product-type.application";
		};
		B8A97770217B79E0003FBA72 /* dcrdminerTests */ = {
			isa = PBXNativeTarget;
			buildConfigurationList = B8A97788217B79E0003FBA72 /* Build configuration list for PBXNativeTarget "dcrdminerTests" */;
			buildPhases = (
				DBDC3082BC45A6935FE51A8D /* [CP] Check Pods Manifest.lock */,
				B8A9776D217B79E0003FBA72 /* Sources */,
				B8A9776E217B79E0003FBA72 /* Frameworks */,
				B8A9776F217B79E0003FBA72 /* Resources */,
				DEF3BC217FB2D0B47243FBC3 /* [CP] Embed Pods Frameworks */,
			);
			buildRules = (
			);
			dependencies = (
				B8A97773217B79E0003FBA72 /* PBXTargetDependency */,
			);
			name = dcrdminerTests;
			productName = dcrdminerTests;
			productReference = B8A97771217B79E0003FBA72 /* dcrdminerTests.xctest */;
			productType = "com.apple.product-type.bundle.unit-test";
		};
		B8A9777B217B79E0003FBA72 /* dcrdminerUITests */ = {
			isa = PBXNativeTarget;
			buildConfigurationList = B8A9778B217B79E0003FBA72 /* Build configuration list for PBXNativeTarget "dcrdminerUITests" */;
			buildPhases = (
				B8A97778217B79E0003FBA72 /* Sources */,
				B8A97779217B79E0003FBA72 /* Frameworks */,
				B8A9777A217B79E0003FBA72 /* Resources */,
			);
			buildRules = (
			);
			dependencies = (
				B8A9777E217B79E0003FBA72 /* PBXTargetDependency */,
			);
			name = dcrdminerUITests;
			productName = dcrdminerUITests;
			productReference = B8A9777C217B79E0003FBA72 /* dcrdminerUITests.xctest */;
			productType = "com.apple.product-type.bundle.ui-testing";
		};
/* End PBXNativeTarget section */

/* Begin PBXProject section */
		B8A97755217B79DD003FBA72 /* Project object */ = {
			isa = PBXProject;
			attributes = {
				LastSwiftUpdateCheck = 0940;
				LastUpgradeCheck = 0940;
				ORGANIZATIONNAME = "watanabe kyota";
				TargetAttributes = {
					B8A9775C217B79DD003FBA72 = {
						CreatedOnToolsVersion = 9.4.1;
						LastSwiftMigration = 1000;
					};
					B8A97770217B79E0003FBA72 = {
						CreatedOnToolsVersion = 9.4.1;
						LastSwiftMigration = 1000;
						TestTargetID = B8A9775C217B79DD003FBA72;
					};
					B8A9777B217B79E0003FBA72 = {
						CreatedOnToolsVersion = 9.4.1;
						LastSwiftMigration = 1000;
						TestTargetID = B8A9775C217B79DD003FBA72;
					};
				};
			};
			buildConfigurationList = B8A97758217B79DD003FBA72 /* Build configuration list for PBXProject "dcrdminer" */;
			compatibilityVersion = "Xcode 9.3";
			developmentRegion = en;
			hasScannedForEncodings = 0;
			knownRegions = (
				en,
				Base,
			);
			mainGroup = B8A97754217B79DD003FBA72;
			productRefGroup = B8A9775E217B79DD003FBA72 /* Products */;
			projectDirPath = "";
			projectRoot = "";
			targets = (
				B8A9775C217B79DD003FBA72 /* dcrdminer */,
				B8A97770217B79E0003FBA72 /* dcrdminerTests */,
				B8A9777B217B79E0003FBA72 /* dcrdminerUITests */,
			);
		};
/* End PBXProject section */

/* Begin PBXResourcesBuildPhase section */
		B8A9775B217B79DD003FBA72 /* Resources */ = {
			isa = PBXResourcesBuildPhase;
			buildActionMask = 2147483647;
			files = (
				B8A9776B217B79DF003FBA72 /* LaunchScreen.storyboard in Resources */,
				B8A97768217B79DF003FBA72 /* Assets.xcassets in Resources */,
				B8A97766217B79DD003FBA72 /* Main.storyboard in Resources */,
			);
			runOnlyForDeploymentPostprocessing = 0;
		};
		B8A9776F217B79E0003FBA72 /* Resources */ = {
			isa = PBXResourcesBuildPhase;
			buildActionMask = 2147483647;
			files = (
			);
			runOnlyForDeploymentPostprocessing = 0;
		};
		B8A9777A217B79E0003FBA72 /* Resources */ = {
			isa = PBXResourcesBuildPhase;
			buildActionMask = 2147483647;
			files = (
			);
			runOnlyForDeploymentPostprocessing = 0;
		};
/* End PBXResourcesBuildPhase section */

/* Begin PBXShellScriptBuildPhase section */
		A628F845312AC64F2B338ACE /* [CP] Embed Pods Frameworks */ = {
			isa = PBXShellScriptBuildPhase;
			buildActionMask = 2147483647;
			files = (
			);
			inputPaths = (
				"${SRCROOT}/Pods/Target Support Files/Pods-dcrdminer/Pods-dcrdminer-frameworks.sh",
				"${BUILT_PRODUCTS_DIR}/SwiftyJSON/SwiftyJSON.framework",
			);
			name = "[CP] Embed Pods Frameworks";
			outputPaths = (
				"${TARGET_BUILD_DIR}/${FRAMEWORKS_FOLDER_PATH}/SwiftyJSON.framework",
			);
			runOnlyForDeploymentPostprocessing = 0;
			shellPath = /bin/sh;
			shellScript = "\"${SRCROOT}/Pods/Target Support Files/Pods-dcrdminer/Pods-dcrdminer-frameworks.sh\"\n";
			showEnvVarsInLog = 0;
		};
		CB9F16A75373FFD8F5C23F9A /* [CP] Check Pods Manifest.lock */ = {
			isa = PBXShellScriptBuildPhase;
			buildActionMask = 2147483647;
			files = (
			);
			inputPaths = (
				"${PODS_PODFILE_DIR_PATH}/Podfile.lock",
				"${PODS_ROOT}/Manifest.lock",
			);
			name = "[CP] Check Pods Manifest.lock";
			outputPaths = (
				"$(DERIVED_FILE_DIR)/Pods-dcrdminer-checkManifestLockResult.txt",
			);
			runOnlyForDeploymentPostprocessing = 0;
			shellPath = /bin/sh;
			shellScript = "diff \"${PODS_PODFILE_DIR_PATH}/Podfile.lock\" \"${PODS_ROOT}/Manifest.lock\" > /dev/null\nif [ $? != 0 ] ; then\n    # print error to STDERR\n    echo \"error: The sandbox is not in sync with the Podfile.lock. Run 'pod install' or update your CocoaPods installation.\" >&2\n    exit 1\nfi\n# This output is used by Xcode 'outputs' to avoid re-running this script phase.\necho \"SUCCESS\" > \"${SCRIPT_OUTPUT_FILE_0}\"\n";
			showEnvVarsInLog = 0;
		};
		DBDC3082BC45A6935FE51A8D /* [CP] Check Pods Manifest.lock */ = {
			isa = PBXShellScriptBuildPhase;
			buildActionMask = 2147483647;
			files = (
			);
			inputPaths = (
				"${PODS_PODFILE_DIR_PATH}/Podfile.lock",
				"${PODS_ROOT}/Manifest.lock",
			);
			name = "[CP] Check Pods Manifest.lock";
			outputPaths = (
				"$(DERIVED_FILE_DIR)/Pods-dcrdminerTests-checkManifestLockResult.txt",
			);
			runOnlyForDeploymentPostprocessing = 0;
			shellPath = /bin/sh;
			shellScript = "diff \"${PODS_PODFILE_DIR_PATH}/Podfile.lock\" \"${PODS_ROOT}/Manifest.lock\" > /dev/null\nif [ $? != 0 ] ; then\n    # print error to STDERR\n    echo \"error: The sandbox is not in sync with the Podfile.lock. Run 'pod install' or update your CocoaPods installation.\" >&2\n    exit 1\nfi\n# This output is used by Xcode 'outputs' to avoid re-running this script phase.\necho \"SUCCESS\" > \"${SCRIPT_OUTPUT_FILE_0}\"\n";
			showEnvVarsInLog = 0;
		};
		DEF3BC217FB2D0B47243FBC3 /* [CP] Embed Pods Frameworks */ = {
			isa = PBXShellScriptBuildPhase;
			buildActionMask = 2147483647;
			files = (
			);
			inputPaths = (
				"${SRCROOT}/Pods/Target Support Files/Pods-dcrdminerTests/Pods-dcrdminerTests-frameworks.sh",
				"${BUILT_PRODUCTS_DIR}/SwiftyJSON/SwiftyJSON.framework",
			);
			name = "[CP] Embed Pods Frameworks";
			outputPaths = (
				"${TARGET_BUILD_DIR}/${FRAMEWORKS_FOLDER_PATH}/SwiftyJSON.framework",
			);
			runOnlyForDeploymentPostprocessing = 0;
			shellPath = /bin/sh;
			shellScript = "\"${SRCROOT}/Pods/Target Support Files/Pods-dcrdminerTests/Pods-dcrdminerTests-frameworks.sh\"\n";
			showEnvVarsInLog = 0;
		};
/* End PBXShellScriptBuildPhase section */

/* Begin PBXSourcesBuildPhase section */
		B8A97759217B79DD003FBA72 /* Sources */ = {
			isa = PBXSourcesBuildPhase;
			buildActionMask = 2147483647;
			files = (
				B86A5B43218D594A002CA915 /* Work.swift in Sources */,
				B8A97763217B79DD003FBA72 /* ViewController.swift in Sources */,
				B8D278B1218DE3E700B6F54C /* Blake256.swift in Sources */,
				B86A5B41218D58E8002CA915 /* Miner.swift in Sources */,
				B8A97761217B79DD003FBA72 /* AppDelegate.swift in Sources */,
				B86A5B3B21856A1B002CA915 /* PoolJob.swift in Sources */,
				B86A5B3F218CA02C002CA915 /* Hex.swift in Sources */,
				B8D278AD218D702D00B6F54C /* Pool.swift in Sources */,
				B8D278AF218DDC6B00B6F54C /* NonceCounter.swift in Sources */,
				B8A97791217C1E00003FBA72 /* Stratum.swift in Sources */,
				B86A5B3D218C7467002CA915 /* BlockHeader.swift in Sources */,
			);
			runOnlyForDeploymentPostprocessing = 0;
		};
		B8A9776D217B79E0003FBA72 /* Sources */ = {
			isa = PBXSourcesBuildPhase;
			buildActionMask = 2147483647;
			files = (
				B8A97776217B79E0003FBA72 /* dcrdminerTests.swift in Sources */,
			);
			runOnlyForDeploymentPostprocessing = 0;
		};
		B8A97778217B79E0003FBA72 /* Sources */ = {
			isa = PBXSourcesBuildPhase;
			buildActionMask = 2147483647;
			files = (
				B8A97781217B79E0003FBA72 /* dcrdminerUITests.swift in Sources */,
			);
			runOnlyForDeploymentPostprocessing = 0;
		};
/* End PBXSourcesBuildPhase section */

/* Begin PBXTargetDependency section */
		B8A97773217B79E0003FBA72 /* PBXTargetDependency */ = {
			isa = PBXTargetDependency;
			target = B8A9775C217B79DD003FBA72 /* dcrdminer */;
			targetProxy = B8A97772217B79E0003FBA72 /* PBXContainerItemProxy */;
		};
		B8A9777E217B79E0003FBA72 /* PBXTargetDependency */ = {
			isa = PBXTargetDependency;
			target = B8A9775C217B79DD003FBA72 /* dcrdminer */;
			targetProxy = B8A9777D217B79E0003FBA72 /* PBXContainerItemProxy */;
		};
/* End PBXTargetDependency section */

/* Begin PBXVariantGroup section */
		B8A97764217B79DD003FBA72 /* Main.storyboard */ = {
			isa = PBXVariantGroup;
			children = (
				B8A97765217B79DD003FBA72 /* Base */,
			);
			name = Main.storyboard;
			sourceTree = "<group>";
		};
		B8A97769217B79DF003FBA72 /* LaunchScreen.storyboard */ = {
			isa = PBXVariantGroup;
			children = (
				B8A9776A217B79DF003FBA72 /* Base */,
			);
			name = LaunchScreen.storyboard;
			sourceTree = "<group>";
		};
/* End PBXVariantGroup section */

/* Begin XCBuildConfiguration section */
		B8A97783217B79E0003FBA72 /* Debug */ = {
			isa = XCBuildConfiguration;
			buildSettings = {
				ALWAYS_SEARCH_USER_PATHS = NO;
				CLANG_ANALYZER_NONNULL = YES;
				CLANG_ANALYZER_NUMBER_OBJECT_CONVERSION = YES_AGGRESSIVE;
				CLANG_CXX_LANGUAGE_STANDARD = "gnu++14";
				CLANG_CXX_LIBRARY = "libc++";
				CLANG_ENABLE_MODULES = YES;
				CLANG_ENABLE_OBJC_ARC = YES;
				CLANG_ENABLE_OBJC_WEAK = YES;
				CLANG_WARN_BLOCK_CAPTURE_AUTORELEASING = YES;
				CLANG_WARN_BOOL_CONVERSION = YES;
				CLANG_WARN_COMMA = YES;
				CLANG_WARN_CONSTANT_CONVERSION = YES;
				CLANG_WARN_DEPRECATED_OBJC_IMPLEMENTATIONS = YES;
				CLANG_WARN_DIRECT_OBJC_ISA_USAGE = YES_ERROR;
				CLANG_WARN_DOCUMENTATION_COMMENTS = YES;
				CLANG_WARN_EMPTY_BODY = YES;
				CLANG_WARN_ENUM_CONVERSION = YES;
				CLANG_WARN_INFINITE_RECURSION = YES;
				CLANG_WARN_INT_CONVERSION = YES;
				CLANG_WARN_NON_LITERAL_NULL_CONVERSION = YES;
				CLANG_WARN_OBJC_IMPLICIT_RETAIN_SELF = YES;
				CLANG_WARN_OBJC_LITERAL_CONVERSION = YES;
				CLANG_WARN_OBJC_ROOT_CLASS = YES_ERROR;
				CLANG_WARN_RANGE_LOOP_ANALYSIS = YES;
				CLANG_WARN_STRICT_PROTOTYPES = YES;
				CLANG_WARN_SUSPICIOUS_MOVE = YES;
				CLANG_WARN_UNGUARDED_AVAILABILITY = YES_AGGRESSIVE;
				CLANG_WARN_UNREACHABLE_CODE = YES;
				CLANG_WARN__DUPLICATE_METHOD_MATCH = YES;
				CODE_SIGN_IDENTITY = "iPhone Developer";
				COPY_PHASE_STRIP = NO;
				DEBUG_INFORMATION_FORMAT = dwarf;
				ENABLE_STRICT_OBJC_MSGSEND = YES;
				ENABLE_TESTABILITY = YES;
				GCC_C_LANGUAGE_STANDARD = gnu11;
				GCC_DYNAMIC_NO_PIC = NO;
				GCC_NO_COMMON_BLOCKS = YES;
				GCC_OPTIMIZATION_LEVEL = 0;
				GCC_PREPROCESSOR_DEFINITIONS = (
					"DEBUG=1",
					"$(inherited)",
				);
				GCC_WARN_64_TO_32_BIT_CONVERSION = YES;
				GCC_WARN_ABOUT_RETURN_TYPE = YES_ERROR;
				GCC_WARN_UNDECLARED_SELECTOR = YES;
				GCC_WARN_UNINITIALIZED_AUTOS = YES_AGGRESSIVE;
				GCC_WARN_UNUSED_FUNCTION = YES;
				GCC_WARN_UNUSED_VARIABLE = YES;
				IPHONEOS_DEPLOYMENT_TARGET = 11.4;
				MTL_ENABLE_DEBUG_INFO = YES;
				ONLY_ACTIVE_ARCH = YES;
				SDKROOT = iphoneos;
				SWIFT_ACTIVE_COMPILATION_CONDITIONS = DEBUG;
				SWIFT_OPTIMIZATION_LEVEL = "-Onone";
			};
			name = Debug;
		};
		B8A97784217B79E0003FBA72 /* Release */ = {
			isa = XCBuildConfiguration;
			buildSettings = {
				ALWAYS_SEARCH_USER_PATHS = NO;
				CLANG_ANALYZER_NONNULL = YES;
				CLANG_ANALYZER_NUMBER_OBJECT_CONVERSION = YES_AGGRESSIVE;
				CLANG_CXX_LANGUAGE_STANDARD = "gnu++14";
				CLANG_CXX_LIBRARY = "libc++";
				CLANG_ENABLE_MODULES = YES;
				CLANG_ENABLE_OBJC_ARC = YES;
				CLANG_ENABLE_OBJC_WEAK = YES;
				CLANG_WARN_BLOCK_CAPTURE_AUTORELEASING = YES;
				CLANG_WARN_BOOL_CONVERSION = YES;
				CLANG_WARN_COMMA = YES;
				CLANG_WARN_CONSTANT_CONVERSION = YES;
				CLANG_WARN_DEPRECATED_OBJC_IMPLEMENTATIONS = YES;
				CLANG_WARN_DIRECT_OBJC_ISA_USAGE = YES_ERROR;
				CLANG_WARN_DOCUMENTATION_COMMENTS = YES;
				CLANG_WARN_EMPTY_BODY = YES;
				CLANG_WARN_ENUM_CONVERSION = YES;
				CLANG_WARN_INFINITE_RECURSION = YES;
				CLANG_WARN_INT_CONVERSION = YES;
				CLANG_WARN_NON_LITERAL_NULL_CONVERSION = YES;
				CLANG_WARN_OBJC_IMPLICIT_RETAIN_SELF = YES;
				CLANG_WARN_OBJC_LITERAL_CONVERSION = YES;
				CLANG_WARN_OBJC_ROOT_CLASS = YES_ERROR;
				CLANG_WARN_RANGE_LOOP_ANALYSIS = YES;
				CLANG_WARN_STRICT_PROTOTYPES = YES;
				CLANG_WARN_SUSPICIOUS_MOVE = YES;
				CLANG_WARN_UNGUARDED_AVAILABILITY = YES_AGGRESSIVE;
				CLANG_WARN_UNREACHABLE_CODE = YES;
				CLANG_WARN__DUPLICATE_METHOD_MATCH = YES;
				CODE_SIGN_IDENTITY = "iPhone Developer";
				COPY_PHASE_STRIP = NO;
				DEBUG_INFORMATION_FORMAT = "dwarf-with-dsym";
				ENABLE_NS_ASSERTIONS = NO;
				ENABLE_STRICT_OBJC_MSGSEND = YES;
				GCC_C_LANGUAGE_STANDARD = gnu11;
				GCC_NO_COMMON_BLOCKS = YES;
				GCC_WARN_64_TO_32_BIT_CONVERSION = YES;
				GCC_WARN_ABOUT_RETURN_TYPE = YES_ERROR;
				GCC_WARN_UNDECLARED_SELECTOR = YES;
				GCC_WARN_UNINITIALIZED_AUTOS = YES_AGGRESSIVE;
				GCC_WARN_UNUSED_FUNCTION = YES;
				GCC_WARN_UNUSED_VARIABLE = YES;
				IPHONEOS_DEPLOYMENT_TARGET = 11.4;
				MTL_ENABLE_DEBUG_INFO = NO;
				SDKROOT = iphoneos;
				SWIFT_COMPILATION_MODE = wholemodule;
				SWIFT_OPTIMIZATION_LEVEL = "-O";
				VALIDATE_PRODUCT = YES;
			};
			name = Release;
		};
		B8A97786217B79E0003FBA72 /* Debug */ = {
			isa = XCBuildConfiguration;
			baseConfigurationReference = CC86A1F40666D7F0FD24D9B3 /* Pods-dcrdminer.debug.xcconfig */;
			buildSettings = {
				ASSETCATALOG_COMPILER_APPICON_NAME = AppIcon;
				CODE_SIGN_STYLE = Automatic;
				DEVELOPMENT_TEAM = CNEXNH4Z26;
				INFOPLIST_FILE = dcrdminer/Info.plist;
				LD_RUNPATH_SEARCH_PATHS = (
					"$(inherited)",
					"@executable_path/Frameworks",
				);
				PRODUCT_BUNDLE_IDENTIFIER = com.kyotaw.dcrdminer;
				PRODUCT_NAME = "$(TARGET_NAME)";
				SWIFT_VERSION = 4.2;
				TARGETED_DEVICE_FAMILY = "1,2";
			};
			name = Debug;
		};
		B8A97787217B79E0003FBA72 /* Release */ = {
			isa = XCBuildConfiguration;
			baseConfigurationReference = CDDD178D02BBA14003C61A58 /* Pods-dcrdminer.release.xcconfig */;
			buildSettings = {
				ASSETCATALOG_COMPILER_APPICON_NAME = AppIcon;
				CODE_SIGN_STYLE = Automatic;
				DEVELOPMENT_TEAM = CNEXNH4Z26;
				INFOPLIST_FILE = dcrdminer/Info.plist;
				LD_RUNPATH_SEARCH_PATHS = (
					"$(inherited)",
					"@executable_path/Frameworks",
				);
				PRODUCT_BUNDLE_IDENTIFIER = com.kyotaw.dcrdminer;
				PRODUCT_NAME = "$(TARGET_NAME)";
				SWIFT_VERSION = 4.2;
				TARGETED_DEVICE_FAMILY = "1,2";
			};
			name = Release;
		};
		B8A97789217B79E0003FBA72 /* Debug */ = {
			isa = XCBuildConfiguration;
			baseConfigurationReference = 686E6C25493A7D03AC27684E /* Pods-dcrdminerTests.debug.xcconfig */;
			buildSettings = {
				ALWAYS_EMBED_SWIFT_STANDARD_LIBRARIES = YES;
				BUNDLE_LOADER = "$(TEST_HOST)";
				CODE_SIGN_STYLE = Automatic;
				DEVELOPMENT_TEAM = CNEXNH4Z26;
				INFOPLIST_FILE = dcrdminerTests/Info.plist;
				LD_RUNPATH_SEARCH_PATHS = (
					"$(inherited)",
					"@executable_path/Frameworks",
					"@loader_path/Frameworks",
				);
				PRODUCT_BUNDLE_IDENTIFIER = com.kyotaw.dcrdminerTests;
				PRODUCT_NAME = "$(TARGET_NAME)";
				SWIFT_VERSION = 4.2;
				TARGETED_DEVICE_FAMILY = "1,2";
				TEST_HOST = "$(BUILT_PRODUCTS_DIR)/dcrdminer.app/dcrdminer";
			};
			name = Debug;
		};
		B8A9778A217B79E0003FBA72 /* Release */ = {
			isa = XCBuildConfiguration;
			baseConfigurationReference = 49D6B26BE0859ACE1924239D /* Pods-dcrdminerTests.release.xcconfig */;
			buildSettings = {
				ALWAYS_EMBED_SWIFT_STANDARD_LIBRARIES = YES;
				BUNDLE_LOADER = "$(TEST_HOST)";
				CODE_SIGN_STYLE = Automatic;
				DEVELOPMENT_TEAM = CNEXNH4Z26;
				INFOPLIST_FILE = dcrdminerTests/Info.plist;
				LD_RUNPATH_SEARCH_PATHS = (
					"$(inherited)",
					"@executable_path/Frameworks",
					"@loader_path/Frameworks",
				);
				PRODUCT_BUNDLE_IDENTIFIER = com.kyotaw.dcrdminerTests;
				PRODUCT_NAME = "$(TARGET_NAME)";
				SWIFT_VERSION = 4.2;
				TARGETED_DEVICE_FAMILY = "1,2";
				TEST_HOST = "$(BUILT_PRODUCTS_DIR)/dcrdminer.app/dcrdminer";
			};
			name = Release;
		};
		B8A9778C217B79E0003FBA72 /* Debug */ = {
			isa = XCBuildConfiguration;
			buildSettings = {
				ALWAYS_EMBED_SWIFT_STANDARD_LIBRARIES = YES;
				CODE_SIGN_STYLE = Automatic;
				DEVELOPMENT_TEAM = CNEXNH4Z26;
				INFOPLIST_FILE = dcrdminerUITests/Info.plist;
				LD_RUNPATH_SEARCH_PATHS = (
					"$(inherited)",
					"@executable_path/Frameworks",
					"@loader_path/Frameworks",
				);
				PRODUCT_BUNDLE_IDENTIFIER = com.kyotaw.dcrdminerUITests;
				PRODUCT_NAME = "$(TARGET_NAME)";
				SWIFT_VERSION = 4.2;
				TARGETED_DEVICE_FAMILY = "1,2";
				TEST_TARGET_NAME = dcrdminer;
			};
			name = Debug;
		};
		B8A9778D217B79E0003FBA72 /* Release */ = {
			isa = XCBuildConfiguration;
			buildSettings = {
				ALWAYS_EMBED_SWIFT_STANDARD_LIBRARIES = YES;
				CODE_SIGN_STYLE = Automatic;
				DEVELOPMENT_TEAM = CNEXNH4Z26;
				INFOPLIST_FILE = dcrdminerUITests/Info.plist;
				LD_RUNPATH_SEARCH_PATHS = (
					"$(inherited)",
					"@executable_path/Frameworks",
					"@loader_path/Frameworks",
				);
				PRODUCT_BUNDLE_IDENTIFIER = com.kyotaw.dcrdminerUITests;
				PRODUCT_NAME = "$(TARGET_NAME)";
				SWIFT_VERSION = 4.2;
				TARGETED_DEVICE_FAMILY = "1,2";
				TEST_TARGET_NAME = dcrdminer;
			};
			name = Release;
		};
/* End XCBuildConfiguration section */

/* Begin XCConfigurationList section */
		B8A97758217B79DD003FBA72 /* Build configuration list for PBXProject "dcrdminer" */ = {
			isa = XCConfigurationList;
			buildConfigurations = (
				B8A97783217B79E0003FBA72 /* Debug */,
				B8A97784217B79E0003FBA72 /* Release */,
			);
			defaultConfigurationIsVisible = 0;
			defaultConfigurationName = Release;
		};
		B8A97785217B79E0003FBA72 /* Build configuration list for PBXNativeTarget "dcrdminer" */ = {
			isa = XCConfigurationList;
			buildConfigurations = (
				B8A97786217B79E0003FBA72 /* Debug */,
				B8A97787217B79E0003FBA72 /* Release */,
			);
			defaultConfigurationIsVisible = 0;
			defaultConfigurationName = Release;
		};
		B8A97788217B79E0003FBA72 /* Build configuration list for PBXNativeTarget "dcrdminerTests" */ = {
			isa = XCConfigurationList;
			buildConfigurations = (
				B8A97789217B79E0003FBA72 /* Debug */,
				B8A9778A217B79E0003FBA72 /* Release */,
			);
			defaultConfigurationIsVisible = 0;
			defaultConfigurationName = Release;
		};
		B8A9778B217B79E0003FBA72 /* Build configuration list for PBXNativeTarget "dcrdminerUITests" */ = {
			isa = XCConfigurationList;
			buildConfigurations = (
				B8A9778C217B79E0003FBA72 /* Debug */,
				B8A9778D217B79E0003FBA72 /* Release */,
			);
			defaultConfigurationIsVisible = 0;
			defaultConfigurationName = Release;
		};
/* End XCConfigurationList section */
	};
	rootObject = B8A97755217B79DD003FBA72 /* Project object */;
}
